{
  "originHash" : "3c632a78f2cc6af61d828c9396d8680fb869f63fba9ae73006ea2a9cefd944b6",
  "pins" : [
    {
      "identity" : "flanimatedimage",
      "kind" : "remoteSourceControl",
      "location" : "https://github.com/Flipboard/FLAnimatedImage.git",
      "state" : {
        "revision" : "d4f07b6f164d53c1212c3e54d6460738b1981e9f",
        "version" : "1.0.17"
      }
    },
    {
      "identity" : "jkswiftextension",
      "kind" : "remoteSourceControl",
      "location" : "https://github.com/JoanKing/JKSwiftExtension.git",
      "state" : {
        "revision" : "d0849b071ea3fc11a0ddaf083fd0ed7ed6bc77d2",
        "version" : "2.9.0"
      }
    },
    {
      "identity" : "snapkit",
      "kind" : "remoteSourceControl",
      "location" : "https://github.com/SnapKit/SnapKit.git",
      "state" : {
        "revision" : "2842e6e84e82eb9a8dac0100ca90d9444b0307f4",
        "version" : "5.7.1"
      }
    }
  ],
  "version" : 3
}
